
Microsoft Visual Studio Solution File, Format Version 12.00
# Visual Studio 15
VisualStudioVersion = 15.0.28010.2016
MinimumVisualStudioVersion = 10.0.40219.1
Project("{FAE04EC0-301F-11D3-BF4B-00C04F79EFBC}") = "Webex.Platform", "src\Webex.Platform\Webex.Platform.csproj", "{19082005-687B-4046-9AC1-559B1AB835BC}"
EndProject
Project("{2150E333-8FDC-42A3-9474-1A3956D46DE8}") = "plugins", "plugins", "{DCB76380-C978-4E0F-8BBD-9AD4BE7A602E}"
EndProject
Project("{FAE04EC0-301F-11D3-BF4B-00C04F79EFBC}") = "Webex.Platform.Core", "src\Webex.Platform.Core\Webex.Platform.Core.csproj", "{1ECEC5C7-F703-4277-9EDF-EE880458450B}"
EndProject
Project("{FAE04EC0-301F-11D3-BF4B-00C04F79EFBC}") = "Webex.Platform.Filters", "src\Webex.Platform.Filters\Webex.Platform.Filters.csproj", "{37A23567-5FA7-40B7-9512-A5AB3900A503}"
EndProject
Project("{FAE04EC0-301F-11D3-BF4B-00C04F79EFBC}") = "Globals", "src\plugins\Globals\Globals.csproj", "{73FED634-BFCA-4EBD-9642-07F51D7AB414}"
EndProject
Project("{FAE04EC0-301F-11D3-BF4B-00C04F79EFBC}") = "Bms.Home", "src\plugins\Bms.Home\Bms.Home.csproj", "{2D7B481B-9343-493E-AE37-B30BB60D4E2B}"
EndProject
Global
	GlobalSection(SolutionConfigurationPlatforms) = preSolution
		Debug|Any CPU = Debug|Any CPU
		Release|Any CPU = Release|Any CPU
	EndGlobalSection
	GlobalSection(ProjectConfigurationPlatforms) = postSolution
		{19082005-687B-4046-9AC1-559B1AB835BC}.Debug|Any CPU.ActiveCfg = Debug|Any CPU
		{19082005-687B-4046-9AC1-559B1AB835BC}.Debug|Any CPU.Build.0 = Debug|Any CPU
		{19082005-687B-4046-9AC1-559B1AB835BC}.Release|Any CPU.ActiveCfg = Release|Any CPU
		{19082005-687B-4046-9AC1-559B1AB835BC}.Release|Any CPU.Build.0 = Release|Any CPU
		{1ECEC5C7-F703-4277-9EDF-EE880458450B}.Debug|Any CPU.ActiveCfg = Debug|Any CPU
		{1ECEC5C7-F703-4277-9EDF-EE880458450B}.Debug|Any CPU.Build.0 = Debug|Any CPU
		{1ECEC5C7-F703-4277-9EDF-EE880458450B}.Release|Any CPU.ActiveCfg = Release|Any CPU
		{1ECEC5C7-F703-4277-9EDF-EE880458450B}.Release|Any CPU.Build.0 = Release|Any CPU
		{37A23567-5FA7-40B7-9512-A5AB3900A503}.Debug|Any CPU.ActiveCfg = Debug|Any CPU
		{37A23567-5FA7-40B7-9512-A5AB3900A503}.Debug|Any CPU.Build.0 = Debug|Any CPU
		{37A23567-5FA7-40B7-9512-A5AB3900A503}.Release|Any CPU.ActiveCfg = Release|Any CPU
		{37A23567-5FA7-40B7-9512-A5AB3900A503}.Release|Any CPU.Build.0 = Release|Any CPU
		{73FED634-BFCA-4EBD-9642-07F51D7AB414}.Debug|Any CPU.ActiveCfg = Debug|Any CPU
		{73FED634-BFCA-4EBD-9642-07F51D7AB414}.Debug|Any CPU.Build.0 = Debug|Any CPU
		{73FED634-BFCA-4EBD-9642-07F51D7AB414}.Release|Any CPU.ActiveCfg = Release|Any CPU
		{73FED634-BFCA-4EBD-9642-07F51D7AB414}.Release|Any CPU.Build.0 = Release|Any CPU
		{2D7B481B-9343-493E-AE37-B30BB60D4E2B}.Debug|Any CPU.ActiveCfg = Debug|Any CPU
		{2D7B481B-9343-493E-AE37-B30BB60D4E2B}.Debug|Any CPU.Build.0 = Debug|Any CPU
		{2D7B481B-9343-493E-AE37-B30BB60D4E2B}.Release|Any CPU.ActiveCfg = Release|Any CPU
		{2D7B481B-9343-493E-AE37-B30BB60D4E2B}.Release|Any CPU.Build.0 = Release|Any CPU
	EndGlobalSection
	GlobalSection(SolutionProperties) = preSolution
		HideSolutionNode = FALSE
	EndGlobalSection
	GlobalSection(NestedProjects) = preSolution
		{73FED634-BFCA-4EBD-9642-07F51D7AB414} = {DCB76380-C978-4E0F-8BBD-9AD4BE7A602E}
		{2D7B481B-9343-493E-AE37-B30BB60D4E2B} = {DCB76380-C978-4E0F-8BBD-9AD4BE7A602E}
	EndGlobalSection
	GlobalSection(ExtensibilityGlobals) = postSolution
		SolutionGuid = {60F24C3B-8B72-481B-BE60-842A44FD1AF4}
	EndGlobalSection
EndGlobal
